<?xml version="1.0" encoding="utf-8"?>
<Project ToolsVersion="4.0" xmlns="http://schemas.microsoft.com/developer/msbuild/2003">
  <ItemGroup>
    <Filter Include="Исходные файлы">
      <UniqueIdentifier>{4FC737F1-C7A5-4376-A066-2A32D752A2FF}</UniqueIdentifier>
      <Extensions>cpp;c;cc;cxx;c++;cppm;ixx;def;odl;idl;hpj;bat;asm;asmx</Extensions>
    </Filter>
    <Filter Include="Файлы заголовков">
      <UniqueIdentifier>{93995380-89BD-4b04-88EB-625FBE52EBFB}</UniqueIdentifier>
      <Extensions>h;hh;hpp;hxx;h++;hm;inl;inc;ipp;xsd</Extensions>
    </Filter>
    <Filter Include="Файлы ресурсов">
      <UniqueIdentifier>{67DA6AB6-F800-4c08-8B7A-83BB121AAD01}</UniqueIdentifier>
      <Extensions>rc;ico;cur;bmp;dlg;rc2;rct;bin;rgs;gif;jpg;jpeg;jpe;resx;tiff;tif;png;wav;mfcribbon-ms</Extensions>
    </Filter>
    <Filter Include="Исходные файлы\.h_files">
      <UniqueIdentifier>{561b033f-0d75-4588-b90d-22a1b83c6522}</UniqueIdentifier>
    </Filter>
    <Filter Include="Исходные файлы\.cpp_files">
      <UniqueIdentifier>{01ca0b48-41ab-412e-b47e-763dad7cba2e}</UniqueIdentifier>
    </Filter>
  </ItemGroup>
  <ItemGroup>
    <None Include="packages.config" />
  </ItemGroup>
  <ItemGroup>
    <ClCompile Include="main.cpp">
      <Filter>Исходные файлы</Filter>
    </ClCompile>
    <ClCompile Include="menu.cpp">
      <Filter>Исходные файлы\.cpp_files</Filter>
    </ClCompile>
    <ClCompile Include="file_work.cpp">
      <Filter>Исходные файлы\.cpp_files</Filter>
    </ClCompile>
    <ClCompile Include="mode_4x4.cpp">
      <Filter>Исходные файлы\.cpp_files</Filter>
    </ClCompile>
  </ItemGroup>
  <ItemGroup>
    <ClInclude Include="Libraries.h">
      <Filter>Исходные файлы</Filter>
    </ClInclude>
    <ClInclude Include="file_work.h">
      <Filter>Исходные файлы\.h_files</Filter>
    </ClInclude>
    <ClInclude Include="menu.h">
      <Filter>Исходные файлы\.h_files</Filter>
    </ClInclude>
    <ClInclude Include="mode_4x4.h">
      <Filter>Исходные файлы\.h_files</Filter>
    </ClInclude>
  </ItemGroup>
</Project>